
Microsoft Visual Studio Solution File, Format Version 12.00
# Visual Studio 15
VisualStudioVersion = 15.0.28010.2036
MinimumVisualStudioVersion = 10.0.40219.1
Project("{FAE04EC0-301F-11D3-BF4B-00C04F79EFBC}") = "Leal Academico 1.0", "AJ Academico 1.0\Leal Academico 1.0.csproj", "{B51CB52B-695D-42A7-8671-DE6D9DCDD769}"
EndProject
Project("{FAE04EC0-301F-11D3-BF4B-00C04F79EFBC}") = "CapaPresentacion", "CapaPresentacion\CapaPresentacion.csproj", "{6B98D324-BE48-4E27-AE51-33434488C41A}"
EndProject
Project("{FAE04EC0-301F-11D3-BF4B-00C04F79EFBC}") = "CapaNegocio", "CapaNegocio\CapaNegocio.csproj", "{533EDD15-A166-48B9-9F42-D7135B1BCFEC}"
EndProject
Project("{FAE04EC0-301F-11D3-BF4B-00C04F79EFBC}") = "CapaDatos", "CapaDatos\CapaDatos.csproj", "{EF034B46-C90A-4C0E-A0EB-379BC7D58AE2}"
EndProject
Project("{2150E333-8FDC-42A3-9474-1A3956D46DE8}") = "Conexion_CapaDatos", "Conexion_CapaDatos", "{F231B11B-5BCE-45C6-9425-CF42CA858D85}"
EndProject
Project("{2150E333-8FDC-42A3-9474-1A3956D46DE8}") = "Validacion_CapaNegocio", "Validacion_CapaNegocio", "{82769E25-F5A0-4310-AB54-FB0BB4E67898}"
EndProject
Project("{2150E333-8FDC-42A3-9474-1A3956D46DE8}") = "Diseño_CapaPresentacion", "Diseño_CapaPresentacion", "{5BFE8086-9383-4960-966B-4607934E6251}"
EndProject
Project("{2150E333-8FDC-42A3-9474-1A3956D46DE8}") = "Leal Academico_Principal", "Leal Academico_Principal", "{B0B34986-7CE1-4C2C-85BF-CFF9BE448825}"
EndProject
Project("{2150E333-8FDC-42A3-9474-1A3956D46DE8}") = "Configuracion", "Configuracion", "{22FC207E-C952-45F7-B2ED-36AF9864B96C}"
EndProject
Project("{FAE04EC0-301F-11D3-BF4B-00C04F79EFBC}") = "Leal_Configuracion", "Leal_Configuracion\Leal_Configuracion.csproj", "{DC634CE7-E6DA-4D08-87F1-B6339C34C0FD}"
EndProject
Global
	GlobalSection(SolutionConfigurationPlatforms) = preSolution
		Debug|Any CPU = Debug|Any CPU
		Release|Any CPU = Release|Any CPU
	EndGlobalSection
	GlobalSection(ProjectConfigurationPlatforms) = postSolution
		{B51CB52B-695D-42A7-8671-DE6D9DCDD769}.Debug|Any CPU.ActiveCfg = Debug|Any CPU
		{B51CB52B-695D-42A7-8671-DE6D9DCDD769}.Debug|Any CPU.Build.0 = Debug|Any CPU
		{B51CB52B-695D-42A7-8671-DE6D9DCDD769}.Release|Any CPU.ActiveCfg = Release|Any CPU
		{B51CB52B-695D-42A7-8671-DE6D9DCDD769}.Release|Any CPU.Build.0 = Release|Any CPU
		{6B98D324-BE48-4E27-AE51-33434488C41A}.Debug|Any CPU.ActiveCfg = Debug|Any CPU
		{6B98D324-BE48-4E27-AE51-33434488C41A}.Debug|Any CPU.Build.0 = Debug|Any CPU
		{6B98D324-BE48-4E27-AE51-33434488C41A}.Release|Any CPU.ActiveCfg = Release|Any CPU
		{6B98D324-BE48-4E27-AE51-33434488C41A}.Release|Any CPU.Build.0 = Release|Any CPU
		{533EDD15-A166-48B9-9F42-D7135B1BCFEC}.Debug|Any CPU.ActiveCfg = Debug|Any CPU
		{533EDD15-A166-48B9-9F42-D7135B1BCFEC}.Debug|Any CPU.Build.0 = Debug|Any CPU
		{533EDD15-A166-48B9-9F42-D7135B1BCFEC}.Release|Any CPU.ActiveCfg = Release|Any CPU
		{533EDD15-A166-48B9-9F42-D7135B1BCFEC}.Release|Any CPU.Build.0 = Release|Any CPU
		{EF034B46-C90A-4C0E-A0EB-379BC7D58AE2}.Debug|Any CPU.ActiveCfg = Debug|Any CPU
		{EF034B46-C90A-4C0E-A0EB-379BC7D58AE2}.Debug|Any CPU.Build.0 = Debug|Any CPU
		{EF034B46-C90A-4C0E-A0EB-379BC7D58AE2}.Release|Any CPU.ActiveCfg = Release|Any CPU
		{EF034B46-C90A-4C0E-A0EB-379BC7D58AE2}.Release|Any CPU.Build.0 = Release|Any CPU
		{DC634CE7-E6DA-4D08-87F1-B6339C34C0FD}.Debug|Any CPU.ActiveCfg = Debug|Any CPU
		{DC634CE7-E6DA-4D08-87F1-B6339C34C0FD}.Debug|Any CPU.Build.0 = Debug|Any CPU
		{DC634CE7-E6DA-4D08-87F1-B6339C34C0FD}.Release|Any CPU.ActiveCfg = Release|Any CPU
		{DC634CE7-E6DA-4D08-87F1-B6339C34C0FD}.Release|Any CPU.Build.0 = Release|Any CPU
	EndGlobalSection
	GlobalSection(SolutionProperties) = preSolution
		HideSolutionNode = FALSE
	EndGlobalSection
	GlobalSection(NestedProjects) = preSolution
		{B51CB52B-695D-42A7-8671-DE6D9DCDD769} = {B0B34986-7CE1-4C2C-85BF-CFF9BE448825}
		{6B98D324-BE48-4E27-AE51-33434488C41A} = {5BFE8086-9383-4960-966B-4607934E6251}
		{533EDD15-A166-48B9-9F42-D7135B1BCFEC} = {82769E25-F5A0-4310-AB54-FB0BB4E67898}
		{EF034B46-C90A-4C0E-A0EB-379BC7D58AE2} = {F231B11B-5BCE-45C6-9425-CF42CA858D85}
		{DC634CE7-E6DA-4D08-87F1-B6339C34C0FD} = {22FC207E-C952-45F7-B2ED-36AF9864B96C}
	EndGlobalSection
	GlobalSection(ExtensibilityGlobals) = postSolution
		SolutionGuid = {ED50CCD1-A503-4D21-B5AE-92DA0AA2ABEE}
	EndGlobalSection
EndGlobal
